schema: '2.0'
stages:
  prepare:
    cmd: uv run python -m analytics.data --out data/processed/learners.parquet
    deps:
    - path: analytics/data.py
      hash: md5
      md5: 10acbe16bcc73262e10ab397a358343a
      size: 3742
    - path: analytics/schema.py
      hash: md5
      md5: 91937d2996ec17a067d3c7229369964d
      size: 1294
    - path: data/raw/xAPI-Edu-Data.csv
      hash: md5
      md5: 24b17c0a18b445c6f18eb28c95540d77
      size: 37545
    outs:
    - path: data/processed/learners.parquet
      hash: md5
      md5: 231a8c62deaf6035584daf9870b04857
      size: 14884
  train:
    cmd: uv run python -m analytics.train --models random_forest --no-mlflow
    deps:
    - path: analytics
      hash: md5
      md5: 57f0232b4254d18f3d2bfd1405210412.dir
      size: 149891
      nfiles: 31
    - path: data/raw/xAPI-Edu-Data.csv
      hash: md5
      md5: 24b17c0a18b445c6f18eb28c95540d77
      size: 37545
    outs:
    - path: models/model.joblib
      hash: md5
      md5: 8f1cb165ae82ebe8ffe1fe0757444e18
      size: 1745930
    - path: models/model.meta.json
      hash: md5
      md5: bb6107e236275e4c1a59687733e6b8cb
      size: 5714
    - path: models/shap.json
      hash: md5
      md5: b7cb50345bab322f91dfcf94ef593ea7
      size: 3792
